
Microsoft Visual Studio Solution File, Format Version 12.00
# Visual Studio Version 17
VisualStudioVersion = 17.9.34714.143
MinimumVisualStudioVersion = 10.0.40219.1
Project("{FAE04EC0-301F-11D3-BF4B-00C04F79EFBC}") = "TertuliatalkAPI", "TertuliatalkAPI\TertuliatalkAPI.csproj", "{A9A0BE93-C87C-474D-8DC3-07D1C278658B}"
EndProject
Global
	GlobalSection(SolutionConfigurationPlatforms) = preSolution
		Debug|Any CPU = Debug|Any CPU
		Release|Any CPU = Release|Any CPU
	EndGlobalSection
	GlobalSection(ProjectConfigurationPlatforms) = postSolution
		{A9A0BE93-C87C-474D-8DC3-07D1C278658B}.Debug|Any CPU.ActiveCfg = Debug|Any CPU
		{A9A0BE93-C87C-474D-8DC3-07D1C278658B}.Debug|Any CPU.Build.0 = Debug|Any CPU
		{A9A0BE93-C87C-474D-8DC3-07D1C278658B}.Release|Any CPU.ActiveCfg = Release|Any CPU
		{A9A0BE93-C87C-474D-8DC3-07D1C278658B}.Release|Any CPU.Build.0 = Release|Any CPU
	EndGlobalSection
	GlobalSection(SolutionProperties) = preSolution
		HideSolutionNode = FALSE
	EndGlobalSection
	GlobalSection(ExtensibilityGlobals) = postSolution
		SolutionGuid = {FF14E816-0841-475A-BF72-545162A9760C}
	EndGlobalSection
EndGlobal
